
Microsoft Visual Studio Solution File, Format Version 12.00
# Visual Studio Version 17
VisualStudioVersion = 17.10.35004.147
MinimumVisualStudioVersion = 10.0.40219.1
Project("{FAE04EC0-301F-11D3-BF4B-00C04F79EFBC}") = "Praktika_4", "Praktika_4\Praktika_4.csproj", "{107E9903-F6BF-43CC-ADC9-C4A3DFFD1DC5}"
EndProject
Global
	GlobalSection(SolutionConfigurationPlatforms) = preSolution
		Debug|Any CPU = Debug|Any CPU
		Release|Any CPU = Release|Any CPU
	EndGlobalSection
	GlobalSection(ProjectConfigurationPlatforms) = postSolution
		{107E9903-F6BF-43CC-ADC9-C4A3DFFD1DC5}.Debug|Any CPU.ActiveCfg = Debug|Any CPU
		{107E9903-F6BF-43CC-ADC9-C4A3DFFD1DC5}.Debug|Any CPU.Build.0 = Debug|Any CPU
		{107E9903-F6BF-43CC-ADC9-C4A3DFFD1DC5}.Release|Any CPU.ActiveCfg = Release|Any CPU
		{107E9903-F6BF-43CC-ADC9-C4A3DFFD1DC5}.Release|Any CPU.Build.0 = Release|Any CPU
	EndGlobalSection
	GlobalSection(SolutionProperties) = preSolution
		HideSolutionNode = FALSE
	EndGlobalSection
	GlobalSection(ExtensibilityGlobals) = postSolution
		SolutionGuid = {8DE16969-86E8-414B-8D6B-B9E08036A307}
	EndGlobalSection
EndGlobal
